
Microsoft Visual Studio Solution File, Format Version 12.00
# Visual Studio Version 17
VisualStudioVersion = 17.3.32825.248
MinimumVisualStudioVersion = 10.0.40219.1
Project("{FAE04EC0-301F-11D3-BF4B-00C04F79EFBC}") = "Secret SantBot", "Secret SantBot\Secret SantBot.csproj", "{DE032DA3-0EC6-4E6E-BCC5-AE59E272CAEE}"
EndProject
Global
	GlobalSection(SolutionConfigurationPlatforms) = preSolution
		Debug|Any CPU = Debug|Any CPU
		Release|Any CPU = Release|Any CPU
	EndGlobalSection
	GlobalSection(ProjectConfigurationPlatforms) = postSolution
		{DE032DA3-0EC6-4E6E-BCC5-AE59E272CAEE}.Debug|Any CPU.ActiveCfg = Debug|Any CPU
		{DE032DA3-0EC6-4E6E-BCC5-AE59E272CAEE}.Debug|Any CPU.Build.0 = Debug|Any CPU
		{DE032DA3-0EC6-4E6E-BCC5-AE59E272CAEE}.Release|Any CPU.ActiveCfg = Release|Any CPU
		{DE032DA3-0EC6-4E6E-BCC5-AE59E272CAEE}.Release|Any CPU.Build.0 = Release|Any CPU
	EndGlobalSection
	GlobalSection(SolutionProperties) = preSolution
		HideSolutionNode = FALSE
	EndGlobalSection
	GlobalSection(ExtensibilityGlobals) = postSolution
		SolutionGuid = {DEE35442-77AB-4334-9252-C3F06CCA06EC}
	EndGlobalSection
EndGlobal
